# THIS IS AN AUTOGENERATED FILE. DO NOT EDIT THIS FILE DIRECTLY.
# yarn lockfile v1


"@ceramicnetwork/common@^2.4.0":
  version "2.4.0"
  resolved "https://registry.yarnpkg.com/@ceramicnetwork/common/-/common-2.4.0.tgz#5d748e19692d97d7748a9a4fdc411b6070a7be15"
  integrity sha512-REMNKg08QgFHIwighDb7eQ1vcC1tCVAiax1Oq0iY3nQ/ucY7rUc4M9NaknwwacoTx6sd4zYPACHPrK4nRNWk3g==
  dependencies:
    "@ceramicnetwork/streamid" "^2.3.0"
    "@opentelemetry/exporter-prometheus" "^0.28.0"
    "@opentelemetry/sdk-metrics-base" "^0.28.0"
    "@opentelemetry/semantic-conventions" "^1.3.0"
    "@stablelib/random" "^1.0.1"
    caip "~1.1.0"
    ceramic-cacao "^1.1.1"
    cross-fetch "^3.1.4"
    flat "^5.0.2"
    jet-logger "^1.1.5"
    lodash.clonedeep "^4.5.0"
    logfmt "^1.3.2"
    multiformats "^9.5.8"
    rxjs "^7.5.2"
    uint8arrays "^3.0.0"

"@ceramicnetwork/http-client@^2.3.1":
  version "2.3.1"
  resolved "https://registry.yarnpkg.com/@ceramicnetwork/http-client/-/http-client-2.3.1.tgz#8e676a0f4e0a227ad2c32b27a1209bdb23a94583"
  integrity sha512-CICSe5354bERARa+nhuon0XEcNxIldXNmle1+93W/0wcVLqfKy2eyhk6hYkUDTtoTjAlwdSIFOI8I7LhXwMyuQ==
  dependencies:
    "@ceramicnetwork/common" "^2.4.0"
    "@ceramicnetwork/stream-caip10-link" "^2.2.0"
    "@ceramicnetwork/stream-model" "^0.4.0"
    "@ceramicnetwork/stream-model-instance" "^0.3.1"
    "@ceramicnetwork/stream-tile" "^2.4.0"
    "@ceramicnetwork/streamid" "^2.3.0"
    query-string "^7.1.0"
    rxjs "^7.5.2"

"@ceramicnetwork/stream-caip10-link@^2.2.0":
  version "2.2.0"
  resolved "https://registry.yarnpkg.com/@ceramicnetwork/stream-caip10-link/-/stream-caip10-link-2.2.0.tgz#1bbfbcbec0feeb56a0073523391595ef82350b35"
  integrity sha512-3lqiLqvVeaL1Eqfur2HMUMMbVpx8gvJ5nk7FadbEHg1qxcUqYEeykRBmp/WZjD4ckR1dvrcj7oKt+edLWyzpbA==
  dependencies:
    "@ceramicnetwork/common" "^2.4.0"
    "@ceramicnetwork/streamid" "^2.3.0"
    caip "~1.1.0"
    did-resolver "^3.1.5"
    lodash.clonedeep "^4.5.0"

"@ceramicnetwork/stream-model-instance@^0.3.1":
  version "0.3.1"
  resolved "https://registry.yarnpkg.com/@ceramicnetwork/stream-model-instance/-/stream-model-instance-0.3.1.tgz#7b008328966c492a8d1c862c694f91cbfe6f40f2"
  integrity sha512-PP6tbmb+zHlyislwzpSDu4xMVWw/bj5efBtmeb9Ys+3kgUv81suYMNJdm7s3+EnE3MkRBZ6hzTyG05Gcnfn5GA==
  dependencies:
    "@ceramicnetwork/common" "^2.4.0"
    "@ceramicnetwork/streamid" "^2.3.0"
    "@ipld/dag-cbor" "^7.0.0"
    "@stablelib/random" "^1.0.1"
    fast-json-patch "^3.1.0"
    uint8arrays "^3.0.0"

"@ceramicnetwork/stream-model@^0.4.0":
  version "0.4.0"
  resolved "https://registry.yarnpkg.com/@ceramicnetwork/stream-model/-/stream-model-0.4.0.tgz#bcce67ce37a5c4ec5c9a7f4766ef1c52cee3922c"
  integrity sha512-NH9ofrpj3geUE6MX+cJ18MJrZDmLCwLisdA1QR0K0ua1WdD5r52mgXqwRJa26AWCxM+juzYrPlJgMvqhVTULIg==
  dependencies:
    "@ceramicnetwork/common" "^2.4.0"
    "@ceramicnetwork/streamid" "^2.3.0"
    "@ipld/dag-cbor" "^7.0.0"
    "@stablelib/random" "^1.0.1"
    fast-json-patch "^3.1.0"
    json-schema-typed "^8.0.1"
    multiformats "^9.5.8"
    multihashes "^4.0.3"
    uint8arrays "^3.0.0"

"@ceramicnetwork/stream-tile@^2.4.0":
  version "2.4.0"
  resolved "https://registry.yarnpkg.com/@ceramicnetwork/stream-tile/-/stream-tile-2.4.0.tgz#3884b69df6261f56ee0b79852f8413123f598691"
  integrity sha512-SzWj16iY5sdJcXeuPsEAbS7TJfwdnbyKq5xq4FC42ZUPBZN4vRS7RtcRoiCZj+GLDmq5LmepJoAD1Ckli7ndhQ==
  dependencies:
    "@ceramicnetwork/common" "^2.4.0"
    "@ceramicnetwork/streamid" "^2.3.0"
    "@ipld/dag-cbor" "^7.0.0"
    "@stablelib/random" "^1.0.1"
    fast-json-patch "^3.1.0"
    lodash.clonedeep "^4.5.0"
    uint8arrays "^3.0.0"

"@ceramicnetwork/streamid@^2.3.0":
  version "2.3.0"
  resolved "https://registry.yarnpkg.com/@ceramicnetwork/streamid/-/streamid-2.3.0.tgz#7dbd41666adb656aa626dd753e43f3398a21e091"
  integrity sha512-5PBXYyhxsqxAhBvlnwPoA/yniLVBs5S9nLWKkDcb6W0/JH4o9eUo48m2f2PPE7c1cwdP9GBtnN2M82Gmd3oXxg==
  dependencies:
    "@ipld/dag-cbor" "^7.0.0"
    multiformats "^9.5.8"
    typescript-memoize "^1.1.0"
    uint8arrays "^3.0.0"
    varint "^6.0.0"

"@ethersproject/abstract-provider@^5.6.1":
  version "5.6.1"
  resolved "https://registry.yarnpkg.com/@ethersproject/abstract-provider/-/abstract-provider-5.6.1.tgz#02ddce150785caf0c77fe036a0ebfcee61878c59"
  integrity sha512-BxlIgogYJtp1FS8Muvj8YfdClk3unZH0vRMVX791Z9INBNT/kuACZ9GzaY1Y4yFq+YSy6/w4gzj3HCRKrK9hsQ==
  dependencies:
    "@ethersproject/bignumber" "^5.6.2"
    "@ethersproject/bytes" "^5.6.1"
    "@ethersproject/logger" "^5.6.0"
    "@ethersproject/networks" "^5.6.3"
    "@ethersproject/properties" "^5.6.0"
    "@ethersproject/transactions" "^5.6.2"
    "@ethersproject/web" "^5.6.1"

"@ethersproject/abstract-signer@^5.6.2":
  version "5.6.2"
  resolved "https://registry.yarnpkg.com/@ethersproject/abstract-signer/-/abstract-signer-5.6.2.tgz#491f07fc2cbd5da258f46ec539664713950b0b33"
  integrity sha512-n1r6lttFBG0t2vNiI3HoWaS/KdOt8xyDjzlP2cuevlWLG6EX0OwcKLyG/Kp/cuwNxdy/ous+R/DEMdTUwWQIjQ==
  dependencies:
    "@ethersproject/abstract-provider" "^5.6.1"
    "@ethersproject/bignumber" "^5.6.2"
    "@ethersproject/bytes" "^5.6.1"
    "@ethersproject/logger" "^5.6.0"
    "@ethersproject/properties" "^5.6.0"

"@ethersproject/address@^5.6.1":
  version "5.6.1"
  resolved "https://registry.yarnpkg.com/@ethersproject/address/-/address-5.6.1.tgz#ab57818d9aefee919c5721d28cd31fd95eff413d"
  integrity sha512-uOgF0kS5MJv9ZvCz7x6T2EXJSzotiybApn4XlOgoTX0xdtyVIJ7pF+6cGPxiEq/dpBiTfMiw7Yc81JcwhSYA0Q==
  dependencies:
    "@ethersproject/bignumber" "^5.6.2"
    "@ethersproject/bytes" "^5.6.1"
    "@ethersproject/keccak256" "^5.6.1"
    "@ethersproject/logger" "^5.6.0"
    "@ethersproject/rlp" "^5.6.1"

"@ethersproject/base64@^5.6.1":
  version "5.6.1"
  resolved "https://registry.yarnpkg.com/@ethersproject/base64/-/base64-5.6.1.tgz#2c40d8a0310c9d1606c2c37ae3092634b41d87cb"
  integrity sha512-qB76rjop6a0RIYYMiB4Eh/8n+Hxu2NIZm8S/Q7kNo5pmZfXhHGHmS4MinUainiBC54SCyRnwzL+KZjj8zbsSsw==
  dependencies:
    "@ethersproject/bytes" "^5.6.1"

"@ethersproject/basex@^5.6.1":
  version "5.6.1"
  resolved "https://registry.yarnpkg.com/@ethersproject/basex/-/basex-5.6.1.tgz#badbb2f1d4a6f52ce41c9064f01eab19cc4c5305"
  integrity sha512-a52MkVz4vuBXR06nvflPMotld1FJWSj2QT0985v7P/emPZO00PucFAkbcmq2vpVU7Ts7umKiSI6SppiLykVWsA==
  dependencies:
    "@ethersproject/bytes" "^5.6.1"
    "@ethersproject/properties" "^5.6.0"

"@ethersproject/bignumber@^5.6.2":
  version "5.6.2"
  resolved "https://registry.yarnpkg.com/@ethersproject/bignumber/-/bignumber-5.6.2.tgz#72a0717d6163fab44c47bcc82e0c550ac0315d66"
  integrity sha512-v7+EEUbhGqT3XJ9LMPsKvXYHFc8eHxTowFCG/HgJErmq4XHJ2WR7aeyICg3uTOAQ7Icn0GFHAohXEhxQHq4Ubw==
  dependencies:
    "@ethersproject/bytes" "^5.6.1"
    "@ethersproject/logger" "^5.6.0"
    bn.js "^5.2.1"

"@ethersproject/bytes@^5.6.1":
  version "5.6.1"
  resolved "https://registry.yarnpkg.com/@ethersproject/bytes/-/bytes-5.6.1.tgz#24f916e411f82a8a60412344bf4a813b917eefe7"
  integrity sha512-NwQt7cKn5+ZE4uDn+X5RAXLp46E1chXoaMmrxAyA0rblpxz8t58lVkrHXoRIn0lz1joQElQ8410GqhTqMOwc6g==
  dependencies:
    "@ethersproject/logger" "^5.6.0"

"@ethersproject/constants@^5.6.1":
  version "5.6.1"
  resolved "https://registry.yarnpkg.com/@ethersproject/constants/-/constants-5.6.1.tgz#e2e974cac160dd101cf79fdf879d7d18e8cb1370"
  integrity sha512-QSq9WVnZbxXYFftrjSjZDUshp6/eKp6qrtdBtUCm0QxCV5z1fG/w3kdlcsjMCQuQHUnAclKoK7XpXMezhRDOLg==
  dependencies:
    "@ethersproject/bignumber" "^5.6.2"

"@ethersproject/hash@^5.6.1":
  version "5.6.1"
  resolved "https://registry.yarnpkg.com/@ethersproject/hash/-/hash-5.6.1.tgz#224572ea4de257f05b4abf8ae58b03a67e99b0f4"
  integrity sha512-L1xAHurbaxG8VVul4ankNX5HgQ8PNCTrnVXEiFnE9xoRnaUcgfD12tZINtDinSllxPLCtGwguQxJ5E6keE84pA==
  dependencies:
    "@ethersproject/abstract-signer" "^5.6.2"
    "@ethersproject/address" "^5.6.1"
    "@ethersproject/bignumber" "^5.6.2"
    "@ethersproject/bytes" "^5.6.1"
    "@ethersproject/keccak256" "^5.6.1"
    "@ethersproject/logger" "^5.6.0"
    "@ethersproject/properties" "^5.6.0"
    "@ethersproject/strings" "^5.6.1"

"@ethersproject/hdnode@^5.6.2":
  version "5.6.2"
  resolved "https://registry.yarnpkg.com/@ethersproject/hdnode/-/hdnode-5.6.2.tgz#26f3c83a3e8f1b7985c15d1db50dc2903418b2d2"
  integrity sha512-tERxW8Ccf9CxW2db3WsN01Qao3wFeRsfYY9TCuhmG0xNpl2IO8wgXU3HtWIZ49gUWPggRy4Yg5axU0ACaEKf1Q==
  dependencies:
    "@ethersproject/abstract-signer" "^5.6.2"
    "@ethersproject/basex" "^5.6.1"
    "@ethersproject/bignumber" "^5.6.2"
    "@ethersproject/bytes" "^5.6.1"
    "@ethersproject/logger" "^5.6.0"
    "@ethersproject/pbkdf2" "^5.6.1"
    "@ethersproject/properties" "^5.6.0"
    "@ethersproject/sha2" "^5.6.1"
    "@ethersproject/signing-key" "^5.6.2"
    "@ethersproject/strings" "^5.6.1"
    "@ethersproject/transactions" "^5.6.2"
    "@ethersproject/wordlists" "^5.6.1"

"@ethersproject/json-wallets@^5.6.1":
  version "5.6.1"
  resolved "https://registry.yarnpkg.com/@ethersproject/json-wallets/-/json-wallets-5.6.1.tgz#3f06ba555c9c0d7da46756a12ac53483fe18dd91"
  integrity sha512-KfyJ6Zwz3kGeX25nLihPwZYlDqamO6pfGKNnVMWWfEVVp42lTfCZVXXy5Ie8IZTN0HKwAngpIPi7gk4IJzgmqQ==
  dependencies:
    "@ethersproject/abstract-signer" "^5.6.2"
    "@ethersproject/address" "^5.6.1"
    "@ethersproject/bytes" "^5.6.1"
    "@ethersproject/hdnode" "^5.6.2"
    "@ethersproject/keccak256" "^5.6.1"
    "@ethersproject/logger" "^5.6.0"
    "@ethersproject/pbkdf2" "^5.6.1"
    "@ethersproject/properties" "^5.6.0"
    "@ethersproject/random" "^5.6.1"
    "@ethersproject/strings" "^5.6.1"
    "@ethersproject/transactions" "^5.6.2"
    aes-js "3.0.0"
    scrypt-js "3.0.1"

"@ethersproject/keccak256@^5.6.1":
  version "5.6.1"
  resolved "https://registry.yarnpkg.com/@ethersproject/keccak256/-/keccak256-5.6.1.tgz#b867167c9b50ba1b1a92bccdd4f2d6bd168a91cc"
  integrity sha512-bB7DQHCTRDooZZdL3lk9wpL0+XuG3XLGHLh3cePnybsO3V0rdCAOQGpn/0R3aODmnTOOkCATJiD2hnL+5bwthA==
  dependencies:
    "@ethersproject/bytes" "^5.6.1"
    js-sha3 "0.8.0"

"@ethersproject/logger@^5.6.0":
  version "5.6.0"
  resolved "https://registry.yarnpkg.com/@ethersproject/logger/-/logger-5.6.0.tgz#d7db1bfcc22fd2e4ab574cba0bb6ad779a9a3e7a"
  integrity sha512-BiBWllUROH9w+P21RzoxJKzqoqpkyM1pRnEKG69bulE9TSQD8SAIvTQqIMZmmCO8pUNkgLP1wndX1gKghSpBmg==

"@ethersproject/networks@^5.6.3":
  version "5.6.4"
  resolved "https://registry.yarnpkg.com/@ethersproject/networks/-/networks-5.6.4.tgz#51296d8fec59e9627554f5a8a9c7791248c8dc07"
  integrity sha512-KShHeHPahHI2UlWdtDMn2lJETcbtaJge4k7XSjDR9h79QTd6yQJmv6Cp2ZA4JdqWnhszAOLSuJEd9C0PRw7hSQ==
  dependencies:
    "@ethersproject/logger" "^5.6.0"

"@ethersproject/pbkdf2@^5.6.1":
  version "5.6.1"
  resolved "https://registry.yarnpkg.com/@ethersproject/pbkdf2/-/pbkdf2-5.6.1.tgz#f462fe320b22c0d6b1d72a9920a3963b09eb82d1"
  integrity sha512-k4gRQ+D93zDRPNUfmduNKq065uadC2YjMP/CqwwX5qG6R05f47boq6pLZtV/RnC4NZAYOPH1Cyo54q0c9sshRQ==
  dependencies:
    "@ethersproject/bytes" "^5.6.1"
    "@ethersproject/sha2" "^5.6.1"

"@ethersproject/properties@^5.6.0":
  version "5.6.0"
  resolved "https://registry.yarnpkg.com/@ethersproject/properties/-/properties-5.6.0.tgz#38904651713bc6bdd5bdd1b0a4287ecda920fa04"
  integrity sha512-szoOkHskajKePTJSZ46uHUWWkbv7TzP2ypdEK6jGMqJaEt2sb0jCgfBo0gH0m2HBpRixMuJ6TBRaQCF7a9DoCg==
  dependencies:
    "@ethersproject/logger" "^5.6.0"

"@ethersproject/random@^5.6.1":
  version "5.6.1"
  resolved "https://registry.yarnpkg.com/@ethersproject/random/-/random-5.6.1.tgz#66915943981bcd3e11bbd43733f5c3ba5a790255"
  integrity sha512-/wtPNHwbmng+5yi3fkipA8YBT59DdkGRoC2vWk09Dci/q5DlgnMkhIycjHlavrvrjJBkFjO/ueLyT+aUDfc4lA==
  dependencies:
    "@ethersproject/bytes" "^5.6.1"
    "@ethersproject/logger" "^5.6.0"

"@ethersproject/rlp@^5.6.1":
  version "5.6.1"
  resolved "https://registry.yarnpkg.com/@ethersproject/rlp/-/rlp-5.6.1.tgz#df8311e6f9f24dcb03d59a2bac457a28a4fe2bd8"
  integrity sha512-uYjmcZx+DKlFUk7a5/W9aQVaoEC7+1MOBgNtvNg13+RnuUwT4F0zTovC0tmay5SmRslb29V1B7Y5KCri46WhuQ==
  dependencies:
    "@ethersproject/bytes" "^5.6.1"
    "@ethersproject/logger" "^5.6.0"

"@ethersproject/sha2@^5.6.1":
  version "5.6.1"
  resolved "https://registry.yarnpkg.com/@ethersproject/sha2/-/sha2-5.6.1.tgz#211f14d3f5da5301c8972a8827770b6fd3e51656"
  integrity sha512-5K2GyqcW7G4Yo3uenHegbXRPDgARpWUiXc6RiF7b6i/HXUoWlb7uCARh7BAHg7/qT/Q5ydofNwiZcim9qpjB6g==
  dependencies:
    "@ethersproject/bytes" "^5.6.1"
    "@ethersproject/logger" "^5.6.0"
    hash.js "1.1.7"

"@ethersproject/signing-key@^5.6.2":
  version "5.6.2"
  resolved "https://registry.yarnpkg.com/@ethersproject/signing-key/-/signing-key-5.6.2.tgz#8a51b111e4d62e5a62aee1da1e088d12de0614a3"
  integrity sha512-jVbu0RuP7EFpw82vHcL+GP35+KaNruVAZM90GxgQnGqB6crhBqW/ozBfFvdeImtmb4qPko0uxXjn8l9jpn0cwQ==
  dependencies:
    "@ethersproject/bytes" "^5.6.1"
    "@ethersproject/logger" "^5.6.0"
    "@ethersproject/properties" "^5.6.0"
    bn.js "^5.2.1"
    elliptic "6.5.4"
    hash.js "1.1.7"

"@ethersproject/strings@^5.6.1":
  version "5.6.1"
  resolved "https://registry.yarnpkg.com/@ethersproject/strings/-/strings-5.6.1.tgz#dbc1b7f901db822b5cafd4ebf01ca93c373f8952"
  integrity sha512-2X1Lgk6Jyfg26MUnsHiT456U9ijxKUybz8IM1Vih+NJxYtXhmvKBcHOmvGqpFSVJ0nQ4ZCoIViR8XlRw1v/+Cw==
  dependencies:
    "@ethersproject/bytes" "^5.6.1"
    "@ethersproject/constants" "^5.6.1"
    "@ethersproject/logger" "^5.6.0"

"@ethersproject/transactions@^5.6.2":
  version "5.6.2"
  resolved "https://registry.yarnpkg.com/@ethersproject/transactions/-/transactions-5.6.2.tgz#793a774c01ced9fe7073985bb95a4b4e57a6370b"
  integrity sha512-BuV63IRPHmJvthNkkt9G70Ullx6AcM+SDc+a8Aw/8Yew6YwT51TcBKEp1P4oOQ/bP25I18JJr7rcFRgFtU9B2Q==
  dependencies:
    "@ethersproject/address" "^5.6.1"
    "@ethersproject/bignumber" "^5.6.2"
    "@ethersproject/bytes" "^5.6.1"
    "@ethersproject/constants" "^5.6.1"
    "@ethersproject/keccak256" "^5.6.1"
    "@ethersproject/logger" "^5.6.0"
    "@ethersproject/properties" "^5.6.0"
    "@ethersproject/rlp" "^5.6.1"
    "@ethersproject/signing-key" "^5.6.2"

"@ethersproject/wallet@^5.5.0":
  version "5.6.2"
  resolved "https://registry.yarnpkg.com/@ethersproject/wallet/-/wallet-5.6.2.tgz#cd61429d1e934681e413f4bc847a5f2f87e3a03c"
  integrity sha512-lrgh0FDQPuOnHcF80Q3gHYsSUODp6aJLAdDmDV0xKCN/T7D99ta1jGVhulg3PY8wiXEngD0DfM0I2XKXlrqJfg==
  dependencies:
    "@ethersproject/abstract-provider" "^5.6.1"
    "@ethersproject/abstract-signer" "^5.6.2"
    "@ethersproject/address" "^5.6.1"
    "@ethersproject/bignumber" "^5.6.2"
    "@ethersproject/bytes" "^5.6.1"
    "@ethersproject/hash" "^5.6.1"
    "@ethersproject/hdnode" "^5.6.2"
    "@ethersproject/json-wallets" "^5.6.1"
    "@ethersproject/keccak256" "^5.6.1"
    "@ethersproject/logger" "^5.6.0"
    "@ethersproject/properties" "^5.6.0"
    "@ethersproject/random" "^5.6.1"
    "@ethersproject/signing-key" "^5.6.2"
    "@ethersproject/transactions" "^5.6.2"
    "@ethersproject/wordlists" "^5.6.1"

"@ethersproject/web@^5.6.1":
  version "5.6.1"
  resolved "https://registry.yarnpkg.com/@ethersproject/web/-/web-5.6.1.tgz#6e2bd3ebadd033e6fe57d072db2b69ad2c9bdf5d"
  integrity sha512-/vSyzaQlNXkO1WV+RneYKqCJwualcUdx/Z3gseVovZP0wIlOFcCE1hkRhKBH8ImKbGQbMl9EAAyJFrJu7V0aqA==
  dependencies:
    "@ethersproject/base64" "^5.6.1"
    "@ethersproject/bytes" "^5.6.1"
    "@ethersproject/logger" "^5.6.0"
    "@ethersproject/properties" "^5.6.0"
    "@ethersproject/strings" "^5.6.1"

"@ethersproject/wordlists@^5.6.1":
  version "5.6.1"
  resolved "https://registry.yarnpkg.com/@ethersproject/wordlists/-/wordlists-5.6.1.tgz#1e78e2740a8a21e9e99947e47979d72e130aeda1"
  integrity sha512-wiPRgBpNbNwCQFoCr8bcWO8o5I810cqO6mkdtKfLKFlLxeCWcnzDi4Alu8iyNzlhYuS9npCwivMbRWF19dyblw==
  dependencies:
    "@ethersproject/bytes" "^5.6.1"
    "@ethersproject/hash" "^5.6.1"
    "@ethersproject/logger" "^5.6.0"
    "@ethersproject/properties" "^5.6.0"
    "@ethersproject/strings" "^5.6.1"

"@ipld/dag-cbor@^7.0.0", "@ipld/dag-cbor@^7.0.1":
  version "7.0.2"
  resolved "https://registry.yarnpkg.com/@ipld/dag-cbor/-/dag-cbor-7.0.2.tgz#a64c2ae6fa32decf655fbb9bee8f543cfae4c3f6"
  integrity sha512-V9EhJVWXqzjjRs0kiZfUXOaq8y6R2C4AAmfGoMeszqGOBgfACr5tFAgAwZY0e8z/OpmJWpCrZhzPRTZV0c/gjA==
  dependencies:
    cborg "^1.6.0"
    multiformats "^9.5.4"

"@multiformats/base-x@^4.0.1":
  version "4.0.1"
  resolved "https://registry.yarnpkg.com/@multiformats/base-x/-/base-x-4.0.1.tgz#95ff0fa58711789d53aefb2590a8b7a4e715d121"
  integrity sha512-eMk0b9ReBbV23xXU693TAIrLyeO5iTgBZGSJfpqriG8UkYvr/hC9u9pyMlAakDNHWmbhMZCDs6KQO0jzKD8OTw==

"@opentelemetry/api-metrics@0.28.0":
  version "0.28.0"
  resolved "https://registry.yarnpkg.com/@opentelemetry/api-metrics/-/api-metrics-0.28.0.tgz#698acbb2f570ece49815fca8be6f3070ae41f016"
  integrity sha512-UcrJqEiV20YTibYXUT0TDBtl4uLh4tMpAYSa1g1780QrVMlsOMAnBrdD3EYTMPog14Zw+2QzPnDJ4X7q67YrSA==
  dependencies:
    "@opentelemetry/api" "^1.0.0"

"@opentelemetry/api@^1.0.0":
  version "1.1.0"
  resolved "https://registry.yarnpkg.com/@opentelemetry/api/-/api-1.1.0.tgz#563539048255bbe1a5f4f586a4a10a1bb737f44a"
  integrity sha512-hf+3bwuBwtXsugA2ULBc95qxrOqP2pOekLz34BJhcAKawt94vfeNyUKpYc0lZQ/3sCP6LqRa7UAdHA7i5UODzQ==

"@opentelemetry/core@1.2.0":
  version "1.2.0"
  resolved "https://registry.yarnpkg.com/@opentelemetry/core/-/core-1.2.0.tgz#cc6dabb7bb2f317427135863ba6bebe22b0b475e"
  integrity sha512-QiKp8fBbT9ZhRTP+ZVVMyqH62tD/ZQa4gWPi+GnpNetvK1SWPO/8DmRpaSXHwAhu5FWUDJrbFgpLsrDd1zGPOw==
  dependencies:
    "@opentelemetry/semantic-conventions" "1.2.0"

"@opentelemetry/exporter-prometheus@^0.28.0":
  version "0.28.0"
  resolved "https://registry.yarnpkg.com/@opentelemetry/exporter-prometheus/-/exporter-prometheus-0.28.0.tgz#760c62a552906b9a4d4886cd05b662ec29c0f594"
  integrity sha512-1PpJk0xFwVIRXb1vUEDWb+cV2Z8m/5YkZ+zL3+u58iZBiNn5t5VMHQ7iNPE+sV6Hr2BG8X7PtNzIIuJQKXrqsw==
  dependencies:
    "@opentelemetry/api-metrics" "0.28.0"
    "@opentelemetry/core" "1.2.0"
    "@opentelemetry/sdk-metrics-base" "0.28.0"

"@opentelemetry/resources@1.2.0":
  version "1.2.0"
  resolved "https://registry.yarnpkg.com/@opentelemetry/resources/-/resources-1.2.0.tgz#5046d104d33839e58cca3184547c5dc26602f228"
  integrity sha512-S5ZlZa2JF+1qhiF7eb3tTtDfKmTODO//pvam9vEyZvr+/At45rIQ7cyznRdMWCppZbholwXWXnrKml29IIG9vQ==
  dependencies:
    "@opentelemetry/core" "1.2.0"
    "@opentelemetry/semantic-conventions" "1.2.0"

"@opentelemetry/sdk-metrics-base@0.28.0", "@opentelemetry/sdk-metrics-base@^0.28.0":
  version "0.28.0"
  resolved "https://registry.yarnpkg.com/@opentelemetry/sdk-metrics-base/-/sdk-metrics-base-0.28.0.tgz#8b317bbf45607594e749795ac56512ffd0d306b9"
  integrity sha512-PFjk9+WWU6Y51ZjxClnPW1rzTtcT79pR1FTiFjTsNmKSG0zU3qvUHAoTo0+jvvrO0Djihj7AE+iIG2xLWY4GNQ==
  dependencies:
    "@opentelemetry/api-metrics" "0.28.0"
    "@opentelemetry/core" "1.2.0"
    "@opentelemetry/resources" "1.2.0"
    lodash.merge "4.6.2"

"@opentelemetry/semantic-conventions@1.2.0":
  version "1.2.0"
  resolved "https://registry.yarnpkg.com/@opentelemetry/semantic-conventions/-/semantic-conventions-1.2.0.tgz#1549c1d88dc45d720b8487e39077eacc69636c73"
  integrity sha512-BNKB9fiYVghALJzCuWO3eNYfdTExPVK4ykrtmfNfy0A6UWYhOYjGMXifUmkunDJNL8ju9tBobo8jF0WR9zGy1Q==

"@opentelemetry/semantic-conventions@^1.3.0":
  version "1.5.0"
  resolved "https://registry.yarnpkg.com/@opentelemetry/semantic-conventions/-/semantic-conventions-1.5.0.tgz#cea9792bfcf556c87ded17c6ac729348697bb632"
  integrity sha512-wlYG/U6ddW1ilXslnDLLQYJ8nd97W8JJTTfwkGhubx6dzW6SUkd+N4/MzTjjyZlrHQunxHtkHFvVpUKiROvFDw==

"@stablelib/aead@^1.0.1":
  version "1.0.1"
  resolved "https://registry.yarnpkg.com/@stablelib/aead/-/aead-1.0.1.tgz#c4b1106df9c23d1b867eb9b276d8f42d5fc4c0c3"
  integrity sha512-q39ik6sxGHewqtO0nP4BuSe3db5G1fEJE8ukvngS2gLkBXyy6E7pLubhbYgnkDFv6V8cWaxcE4Xn0t6LWcJkyg==

"@stablelib/binary@^1.0.1":
  version "1.0.1"
  resolved "https://registry.yarnpkg.com/@stablelib/binary/-/binary-1.0.1.tgz#c5900b94368baf00f811da5bdb1610963dfddf7f"
  integrity sha512-ClJWvmL6UBM/wjkvv/7m5VP3GMr9t0osr4yVgLZsLCOz4hGN9gIAFEqnJ0TsSMAN+n840nf2cHZnA5/KFqHC7Q==
  dependencies:
    "@stablelib/int" "^1.0.1"

"@stablelib/bytes@^1.0.1":
  version "1.0.1"
  resolved "https://registry.yarnpkg.com/@stablelib/bytes/-/bytes-1.0.1.tgz#0f4aa7b03df3080b878c7dea927d01f42d6a20d8"
  integrity sha512-Kre4Y4kdwuqL8BR2E9hV/R5sOrUj6NanZaZis0V6lX5yzqC3hBuVSDXUIBqQv/sCpmuWRiHLwqiT1pqqjuBXoQ==

"@stablelib/chacha20poly1305@^1.0.1":
  version "1.0.1"
  resolved "https://registry.yarnpkg.com/@stablelib/chacha20poly1305/-/chacha20poly1305-1.0.1.tgz#de6b18e283a9cb9b7530d8767f99cde1fec4c2ee"
  integrity sha512-MmViqnqHd1ymwjOQfghRKw2R/jMIGT3wySN7cthjXCBdO+qErNPUBnRzqNpnvIwg7JBCg3LdeCZZO4de/yEhVA==
  dependencies:
    "@stablelib/aead" "^1.0.1"
    "@stablelib/binary" "^1.0.1"
    "@stablelib/chacha" "^1.0.1"
    "@stablelib/constant-time" "^1.0.1"
    "@stablelib/poly1305" "^1.0.1"
    "@stablelib/wipe" "^1.0.1"

"@stablelib/chacha@^1.0.1":
  version "1.0.1"
  resolved "https://registry.yarnpkg.com/@stablelib/chacha/-/chacha-1.0.1.tgz#deccfac95083e30600c3f92803a3a1a4fa761371"
  integrity sha512-Pmlrswzr0pBzDofdFuVe1q7KdsHKhhU24e8gkEwnTGOmlC7PADzLVxGdn2PoNVBBabdg0l/IfLKg6sHAbTQugg==
  dependencies:
    "@stablelib/binary" "^1.0.1"
    "@stablelib/wipe" "^1.0.1"

"@stablelib/constant-time@^1.0.1":
  version "1.0.1"
  resolved "https://registry.yarnpkg.com/@stablelib/constant-time/-/constant-time-1.0.1.tgz#bde361465e1cf7b9753061b77e376b0ca4c77e35"
  integrity sha512-tNOs3uD0vSJcK6z1fvef4Y+buN7DXhzHDPqRLSXUel1UfqMB1PWNsnnAezrKfEwTLpN0cGH2p9NNjs6IqeD0eg==

"@stablelib/ed25519@^1.0.2":
  version "1.0.2"
  resolved "https://registry.yarnpkg.com/@stablelib/ed25519/-/ed25519-1.0.2.tgz#937a88a2f73a71d9bdc3ea276efe8954776ae0f4"
  integrity sha512-FtnvUwvKbp6l1dNcg4CswMAVFVu/nzLK3oC7/PRtjYyHbWsIkD8j+5cjXHmwcCpdCpRCaTGACkEhhMQ1RcdSOQ==
  dependencies:
    "@stablelib/random" "^1.0.1"
    "@stablelib/sha512" "^1.0.1"
    "@stablelib/wipe" "^1.0.1"

"@stablelib/hash@^1.0.1":
  version "1.0.1"
  resolved "https://registry.yarnpkg.com/@stablelib/hash/-/hash-1.0.1.tgz#3c944403ff2239fad8ebb9015e33e98444058bc5"
  integrity sha512-eTPJc/stDkdtOcrNMZ6mcMK1e6yBbqRBaNW55XA1jU8w/7QdnCF0CmMmOD1m7VSkBR44PWrMHU2l6r8YEQHMgg==

"@stablelib/int@^1.0.1":
  version "1.0.1"
  resolved "https://registry.yarnpkg.com/@stablelib/int/-/int-1.0.1.tgz#75928cc25d59d73d75ae361f02128588c15fd008"
  integrity sha512-byr69X/sDtDiIjIV6m4roLVWnNNlRGzsvxw+agj8CIEazqWGOQp2dTYgQhtyVXV9wpO6WyXRQUzLV/JRNumT2w==

"@stablelib/keyagreement@^1.0.1":
  version "1.0.1"
  resolved "https://registry.yarnpkg.com/@stablelib/keyagreement/-/keyagreement-1.0.1.tgz#4612efb0a30989deb437cd352cee637ca41fc50f"
  integrity sha512-VKL6xBwgJnI6l1jKrBAfn265cspaWBPAPEc62VBQrWHLqVgNRE09gQ/AnOEyKUWrrqfD+xSQ3u42gJjLDdMDQg==
  dependencies:
    "@stablelib/bytes" "^1.0.1"

"@stablelib/poly1305@^1.0.1":
  version "1.0.1"
  resolved "https://registry.yarnpkg.com/@stablelib/poly1305/-/poly1305-1.0.1.tgz#93bfb836c9384685d33d70080718deae4ddef1dc"
  integrity sha512-1HlG3oTSuQDOhSnLwJRKeTRSAdFNVB/1djy2ZbS35rBSJ/PFqx9cf9qatinWghC2UbfOYD8AcrtbUQl8WoxabA==
  dependencies:
    "@stablelib/constant-time" "^1.0.1"
    "@stablelib/wipe" "^1.0.1"

"@stablelib/random@^1.0.1":
  version "1.0.1"
  resolved "https://registry.yarnpkg.com/@stablelib/random/-/random-1.0.1.tgz#4357a00cb1249d484a9a71e6054bc7b8324a7009"
  integrity sha512-zOh+JHX3XG9MSfIB0LZl/YwPP9w3o6WBiJkZvjPoKKu5LKFW4OLV71vMxWp9qG5T43NaWyn0QQTWgqCdO+yOBQ==
  dependencies:
    "@stablelib/binary" "^1.0.1"
    "@stablelib/wipe" "^1.0.1"

"@stablelib/sha256@^1.0.1":
  version "1.0.1"
  resolved "https://registry.yarnpkg.com/@stablelib/sha256/-/sha256-1.0.1.tgz#77b6675b67f9b0ea081d2e31bda4866297a3ae4f"
  integrity sha512-GIIH3e6KH+91FqGV42Kcj71Uefd/QEe7Dy42sBTeqppXV95ggCcxLTk39bEr+lZfJmp+ghsR07J++ORkRELsBQ==
  dependencies:
    "@stablelib/binary" "^1.0.1"
    "@stablelib/hash" "^1.0.1"
    "@stablelib/wipe" "^1.0.1"

"@stablelib/sha512@^1.0.1":
  version "1.0.1"
  resolved "https://registry.yarnpkg.com/@stablelib/sha512/-/sha512-1.0.1.tgz#6da700c901c2c0ceacbd3ae122a38ac57c72145f"
  integrity sha512-13gl/iawHV9zvDKciLo1fQ8Bgn2Pvf7OV6amaRVKiq3pjQ3UmEpXxWiAfV8tYjUpeZroBxtyrwtdooQT/i3hzw==
  dependencies:
    "@stablelib/binary" "^1.0.1"
    "@stablelib/hash" "^1.0.1"
    "@stablelib/wipe" "^1.0.1"

"@stablelib/wipe@^1.0.1":
  version "1.0.1"
  resolved "https://registry.yarnpkg.com/@stablelib/wipe/-/wipe-1.0.1.tgz#d21401f1d59ade56a62e139462a97f104ed19a36"
  integrity sha512-WfqfX/eXGiAd3RJe4VU2snh/ZPwtSjLG4ynQ/vYzvghTh7dHFcI1wl+nrkWG6lGhukOxOsUHfv8dUXr58D0ayg==

"@stablelib/x25519@^1.0.2":
  version "1.0.2"
  resolved "https://registry.yarnpkg.com/@stablelib/x25519/-/x25519-1.0.2.tgz#ae21e2ab668076ec2eb2b4853b82a27fab045fa1"
  integrity sha512-wTR0t0Bp1HABLFRbYaE3vFLuco2QbAg6QvxBnzi5j9qjhYezWHW7OiCZyaWbt25UkSaoolUUT4Il0nS/2vcbSw==
  dependencies:
    "@stablelib/keyagreement" "^1.0.1"
    "@stablelib/random" "^1.0.1"
    "@stablelib/wipe" "^1.0.1"

"@stablelib/xchacha20@^1.0.1":
  version "1.0.1"
  resolved "https://registry.yarnpkg.com/@stablelib/xchacha20/-/xchacha20-1.0.1.tgz#e98808d1f7d8b20e3ff37c71a3062a2a955d9a8c"
  integrity sha512-1YkiZnFF4veUwBVhDnDYwo6EHeKzQK4FnLiO7ezCl/zu64uG0bCCAUROJaBkaLH+5BEsO3W7BTXTguMbSLlWSw==
  dependencies:
    "@stablelib/binary" "^1.0.1"
    "@stablelib/chacha" "^1.0.1"
    "@stablelib/wipe" "^1.0.1"

"@stablelib/xchacha20poly1305@^1.0.1":
  version "1.0.1"
  resolved "https://registry.yarnpkg.com/@stablelib/xchacha20poly1305/-/xchacha20poly1305-1.0.1.tgz#addcaf30b92dd956f76b3357888e2f91b92e7a61"
  integrity sha512-B1Abj0sMJ8h3HNmGnJ7vHBrAvxuNka6cJJoZ1ILN7iuacXp7sUYcgOVEOTLWj+rtQMpspY9tXSCRLPmN1mQNWg==
  dependencies:
    "@stablelib/aead" "^1.0.1"
    "@stablelib/chacha20poly1305" "^1.0.1"
    "@stablelib/constant-time" "^1.0.1"
    "@stablelib/wipe" "^1.0.1"
    "@stablelib/xchacha20" "^1.0.1"

aes-js@3.0.0:
  version "3.0.0"
  resolved "https://registry.yarnpkg.com/aes-js/-/aes-js-3.0.0.tgz#e21df10ad6c2053295bcbb8dab40b09dbea87e4d"
  integrity sha512-H7wUZRn8WpTq9jocdxQ2c8x2sKo9ZVmzfRE13GiNJXfp7NcKYEdvl3vspKjXox6RIG2VtaRe4JFvxG4rqp2Zuw==

apg-js@^4.1.1:
  version "4.1.2"
  resolved "https://registry.yarnpkg.com/apg-js/-/apg-js-4.1.2.tgz#1adcebc677cf6377edff2835b4127890a84f3adf"
  integrity sha512-2OALKUe82NLVPe4NTooom8NykWIa2D7YxO7jG1pgnYWnkfhTUriXpITmLvVD8k8TzDfa9G5O4y8rPe2/uUB1Bg==

bech32@^2.0.0:
  version "2.0.0"
  resolved "https://registry.yarnpkg.com/bech32/-/bech32-2.0.0.tgz#078d3686535075c8c79709f054b1b226a133b355"
  integrity sha512-LcknSilhIGatDAsY1ak2I8VtGaHNhgMSYVxFrGLXv+xLHytaKZKcaUJJUE7qmBr7h33o5YQwP55pMI0xmkpJwg==

bn.js@^4.11.9:
  version "4.12.0"
  resolved "https://registry.yarnpkg.com/bn.js/-/bn.js-4.12.0.tgz#775b3f278efbb9718eec7361f483fb36fbbfea88"
  integrity sha512-c98Bf3tPniI+scsdk237ku1Dc3ujXQTSgyiPUDEOe7tRkhrqridvh8klBv0HCEso1OLOYcHuCv/cS6DNxKH+ZA==

bn.js@^5.2.1:
  version "5.2.1"
  resolved "https://registry.yarnpkg.com/bn.js/-/bn.js-5.2.1.tgz#0bc527a6a0d18d0aa8d5b0538ce4a77dccfa7b70"
  integrity sha512-eXRvHzWyYPBuB4NBy0cmYQjGitUrtqwbvlzP3G6VFnNRbsZQIxQ10PbKKHt8gZ/HW/D/747aDl+QkDqg3KQLMQ==

brorand@^1.1.0:
  version "1.1.0"
  resolved "https://registry.yarnpkg.com/brorand/-/brorand-1.1.0.tgz#12c25efe40a45e3c323eb8675a0a0ce57b22371f"
  integrity sha512-cKV8tMCEpQs4hK/ik71d6LrPOnpkpGBR0wzxqr68g2m/LB2GxVYQroAjMJZRVM1Y4BCjCKc3vAamxSzOY2RP+w==

caip@^1.0.0, caip@~1.1.0:
  version "1.1.0"
  resolved "https://registry.yarnpkg.com/caip/-/caip-1.1.0.tgz#0ccd5bf1bff822459389ccec0a8555712a30c374"
  integrity sha512-yOO3Fu4ygyKYAdznuoaqschMKIZzcdgyMpBNtrIfrUhnOeaOWG+dh0c13wcOS6B/46IGGbncoyzJlio79jU7rw==

canonicalize@^1.0.8:
  version "1.0.8"
  resolved "https://registry.yarnpkg.com/canonicalize/-/canonicalize-1.0.8.tgz#24d1f1a00ed202faafd9bf8e63352cd4450c6df1"
  integrity sha512-0CNTVCLZggSh7bc5VkX5WWPWO+cyZbNd07IHIsSXLia/eAq+r836hgk+8BKoEh7949Mda87VUOitx5OddVj64A==

cborg@^1.6.0:
  version "1.9.4"
  resolved "https://registry.yarnpkg.com/cborg/-/cborg-1.9.4.tgz#85354ee6e0fe017dd34e300c3dcd044407a27800"
  integrity sha512-ltobKo17xKYJolhg8UxQhvzcqXhjtUnovwe9Xx59Izo32gLwozGoJs/efp+8dZ5+zu9pNJYnHtmp6iJnDUapww==

ceramic-cacao@^1.1.0, ceramic-cacao@^1.1.1:
  version "1.1.1"
  resolved "https://registry.yarnpkg.com/ceramic-cacao/-/ceramic-cacao-1.1.1.tgz#2efecca677e4d4bf7308692d894b78fe3392eacc"
  integrity sha512-p/IO5/EmUBhD0hbSpJaXTN8bKHYNZ8zDou3m2170wfbb+fJFf71kzWEsT/WV3JlWNBgkKEhwgbe9YGVOP2shoA==
  dependencies:
    "@ethersproject/wallet" "^5.5.0"
    "@ipld/dag-cbor" "^7.0.1"
    apg-js "^4.1.1"
    caip "^1.0.0"
    multiformats "^9.5.1"

colors@1.3.0:
  version "1.3.0"
  resolved "https://registry.yarnpkg.com/colors/-/colors-1.3.0.tgz#5f20c9fef6945cb1134260aab33bfbdc8295e04e"
  integrity sha512-EDpX3a7wHMWFA7PUHWPHNWqOxIIRSJetuwl0AS5Oi/5FMV8kWm69RTlgm00GKjBO1xFHMtBbL49yRtMMdticBw==

cross-fetch@^3.1.4:
  version "3.1.5"
  resolved "https://registry.yarnpkg.com/cross-fetch/-/cross-fetch-3.1.5.tgz#e1389f44d9e7ba767907f7af8454787952ab534f"
  integrity sha512-lvb1SBsI0Z7GDwmuid+mU3kWVBwTVUbe7S0H52yaaAdQOXq2YktTCZdlAcNKFzE6QtRz0snpw9bNiPeOIkkQvw==
  dependencies:
    node-fetch "2.6.7"

dag-jose-utils@^2.0.0:
  version "2.0.0"
  resolved "https://registry.yarnpkg.com/dag-jose-utils/-/dag-jose-utils-2.0.0.tgz#b36576d6d8e4bb5e288bf5bdee02d51067821535"
  integrity sha512-vE6EyhjSh+dfr8hbs/gLk0v98h2ekjy6r6pXvmB4SvO6awalt95LEetG0QDh5rmMYE3FO8ynp3xrCYsAHHZOlg==
  dependencies:
    "@ipld/dag-cbor" "^7.0.1"
    multiformats "^9.5.1"

decode-uri-component@^0.2.0:
  version "0.2.0"
  resolved "https://registry.yarnpkg.com/decode-uri-component/-/decode-uri-component-0.2.0.tgz#eb3913333458775cb84cd1a1fae062106bb87545"
  integrity sha512-hjf+xovcEn31w/EUYdTXQh/8smFL/dzYjohQGEIgjyNavaJfBY2p5F527Bo1VPATxv0VYTUC2bOcXvqFwk78Og==

did-jwt@^6.0.0:
  version "6.4.0"
  resolved "https://registry.yarnpkg.com/did-jwt/-/did-jwt-6.4.0.tgz#92d63a6bd7ae437e153e090941368c7cd022af7d"
  integrity sha512-2RxJAG+F8PxlNYKzosXDaZV2n2cZIdGuYrhdTqDhjotSB2dlOtq3hDaij1kimzQukFFayjwkwZ6naAuEb8q2lg==
  dependencies:
    "@stablelib/ed25519" "^1.0.2"
    "@stablelib/random" "^1.0.1"
    "@stablelib/sha256" "^1.0.1"
    "@stablelib/x25519" "^1.0.2"
    "@stablelib/xchacha20poly1305" "^1.0.1"
    bech32 "^2.0.0"
    canonicalize "^1.0.8"
    did-resolver "^4.0.0"
    elliptic "^6.5.4"
    js-sha3 "^0.8.0"
    multiformats "^9.6.5"
    uint8arrays "^3.0.0"

did-resolver@^3.1.5:
  version "3.2.2"
  resolved "https://registry.yarnpkg.com/did-resolver/-/did-resolver-3.2.2.tgz#6f4e252a810f785d1b28a10265fad6dffee25158"
  integrity sha512-Eeo2F524VM5N3W4GwglZrnul2y6TLTwMQP3In62JdG34NZoqihYyOZLk+5wUW8sSgvIYIcJM8Dlt3xsdKZZ3tg==

did-resolver@^4.0.0:
  version "4.0.0"
  resolved "https://registry.yarnpkg.com/did-resolver/-/did-resolver-4.0.0.tgz#fc8f657b4cd7f44c2921051fb046599fbe7d4b31"
  integrity sha512-/roxrDr9EnAmLs+s9T+8+gcpilMo+IkeytcsGO7dcxvTmVJ+0Rt60HtV8o0UXHhGBo0Q+paMH/0ffXz1rqGFYg==

dids@^3.2.0:
  version "3.2.0"
  resolved "https://registry.yarnpkg.com/dids/-/dids-3.2.0.tgz#92a907aabc68cc0bd25b80e282bed34485233a92"
  integrity sha512-p6PUUvlX/BYqnrX192KM0DW/h1dohbMohFSwSv7hxjHr7Sp26jAIu6M59f2HNJaSwE7k0lTqLz9tuDtE/QbWZA==
  dependencies:
    "@stablelib/random" "^1.0.1"
    ceramic-cacao "^1.1.0"
    dag-jose-utils "^2.0.0"
    did-jwt "^6.0.0"
    did-resolver "^3.1.5"
    multiformats "^9.4.10"
    rpc-utils "^0.6.1"
    uint8arrays "^3.0.0"

elliptic@6.5.4, elliptic@^6.5.4:
  version "6.5.4"
  resolved "https://registry.yarnpkg.com/elliptic/-/elliptic-6.5.4.tgz#da37cebd31e79a1367e941b592ed1fbebd58abbb"
  integrity sha512-iLhC6ULemrljPZb+QutR5TQGB+pdW6KGD5RSegS+8sorOZT+rdQFbsQFJgvN3eRqNALqJer4oQ16YvJHlU8hzQ==
  dependencies:
    bn.js "^4.11.9"
    brorand "^1.1.0"
    hash.js "^1.0.0"
    hmac-drbg "^1.0.1"
    inherits "^2.0.4"
    minimalistic-assert "^1.0.1"
    minimalistic-crypto-utils "^1.0.1"

fast-json-patch@^3.1.0:
  version "3.1.1"
  resolved "https://registry.yarnpkg.com/fast-json-patch/-/fast-json-patch-3.1.1.tgz#85064ea1b1ebf97a3f7ad01e23f9337e72c66947"
  integrity sha512-vf6IHUX2SBcA+5/+4883dsIjpBTqmfBjmYiWK1savxQmFk4JfBMLa7ynTYOs1Rolp/T1betJxHiGD3g1Mn8lUQ==

fast-json-stable-stringify@^2.1.0:
  version "2.1.0"
  resolved "https://registry.yarnpkg.com/fast-json-stable-stringify/-/fast-json-stable-stringify-2.1.0.tgz#874bf69c6f404c2b5d99c481341399fd55892633"
  integrity sha512-lhd/wF+Lk98HZoTCtlVraHtfh5XYijIjalXck7saUtuanSDyLMxnHhSXEDJqHxD7msR8D0uCmqlkwjCV8xvwHw==

filter-obj@^1.1.0:
  version "1.1.0"
  resolved "https://registry.yarnpkg.com/filter-obj/-/filter-obj-1.1.0.tgz#9b311112bc6c6127a16e016c6c5d7f19e0805c5b"
  integrity sha512-8rXg1ZnX7xzy2NGDVkBVaAy+lSlPNwad13BtgSlLuxfIslyt5Vg64U7tFcCt4WS1R0hvtnQybT/IyCkGZ3DpXQ==

flat@^5.0.2:
  version "5.0.2"
  resolved "https://registry.yarnpkg.com/flat/-/flat-5.0.2.tgz#8ca6fe332069ffa9d324c327198c598259ceb241"
  integrity sha512-b6suED+5/3rTpUBdG1gupIl8MPFCAMA0QXwmljLhvCUKcUvdE4gWky9zpuGCcXHOsz4J9wPGNWq6OKpmIzz3hQ==

hash.js@1.1.7, hash.js@^1.0.0, hash.js@^1.0.3:
  version "1.1.7"
  resolved "https://registry.yarnpkg.com/hash.js/-/hash.js-1.1.7.tgz#0babca538e8d4ee4a0f8988d68866537a003cf42"
  integrity sha512-taOaskGt4z4SOANNseOviYDvjEJinIkRgmp7LbKP2YTTmVxWBl87s/uzK9r+44BclBSp2X7K1hqeNfz9JbBeXA==
  dependencies:
    inherits "^2.0.3"
    minimalistic-assert "^1.0.1"

hmac-drbg@^1.0.1:
  version "1.0.1"
  resolved "https://registry.yarnpkg.com/hmac-drbg/-/hmac-drbg-1.0.1.tgz#d2745701025a6c775a6c545793ed502fc0c649a1"
  integrity sha512-Tti3gMqLdZfhOQY1Mzf/AanLiqh1WTiJgEj26ZuYQ9fbkLomzGchCws4FyrSd4VkpBfiNhaE1On+lOz894jvXg==
  dependencies:
    hash.js "^1.0.3"
    minimalistic-assert "^1.0.0"
    minimalistic-crypto-utils "^1.0.1"

inherits@^2.0.3, inherits@^2.0.4:
  version "2.0.4"
  resolved "https://registry.yarnpkg.com/inherits/-/inherits-2.0.4.tgz#0fa2c64f932917c3433a0ded55363aae37416b7c"
  integrity sha512-k/vGaX4/Yla3WzyMCvTQOXYeIHvqOKtnqBduzTHpzpQZzAskKMhZ2K+EnBiSM9zGSoIFeMpXKxa4dYeZIQqewQ==

jet-logger@^1.1.5:
  version "1.2.2"
  resolved "https://registry.yarnpkg.com/jet-logger/-/jet-logger-1.2.2.tgz#f3866c0a34b6dc43f03bf4479ca677a1110156bc"
  integrity sha512-Kbw4G3BC45+Umz5XBnsE50pHplruJTVKGRy5X1YfCu3Te7f8ggTL8Tm10YegAD2QP41MVQ3o/Y9MFAZzfythqw==
  dependencies:
    colors "1.3.0"

js-sha3@0.8.0, js-sha3@^0.8.0:
  version "0.8.0"
  resolved "https://registry.yarnpkg.com/js-sha3/-/js-sha3-0.8.0.tgz#b9b7a5da73afad7dedd0f8c463954cbde6818840"
  integrity sha512-gF1cRrHhIzNfToc802P800N8PpXS+evLLXfsVpowqmAFR9uwbi89WvXg2QspOmXL8QL86J4T1EpFu+yUkwJY3Q==

json-schema-typed@^8.0.1:
  version "8.0.1"
  resolved "https://registry.yarnpkg.com/json-schema-typed/-/json-schema-typed-8.0.1.tgz#826ee39e3b6cef536f85412ff048d3ff6f19dfa0"
  integrity sha512-XQmWYj2Sm4kn4WeTYvmpKEbyPsL7nBsb647c7pMe6l02/yx2+Jfc4dT6UZkEXnIUb5LhD55r2HPsJ1milQ4rDg==

key-did-provider-ed25519@^2.0.1:
  version "2.0.1"
  resolved "https://registry.yarnpkg.com/key-did-provider-ed25519/-/key-did-provider-ed25519-2.0.1.tgz#7178169831d36cdc99a0640d6bee3cbfd95f9a56"
  integrity sha512-FaB2g7zUAeN/bLaFl2YSNQx9NsxgDd/3TR1YGvoXLhENsvZBdyA2V7hX8/MZhZ5jm82wL5lRw3O4UXuz/pJANQ==
  dependencies:
    "@stablelib/ed25519" "^1.0.2"
    did-jwt "^6.0.0"
    fast-json-stable-stringify "^2.1.0"
    rpc-utils "^0.6.2"
    uint8arrays "^3.0.0"

key-did-resolver@^2.0.6:
  version "2.0.6"
  resolved "https://registry.yarnpkg.com/key-did-resolver/-/key-did-resolver-2.0.6.tgz#94ba9d56a9220a72f1b9d1401de3fc3ddc514424"
  integrity sha512-jTTHbuR8q45m1FfkniizubegONzw4ztfPnu9l1e4Tu+0DUvnwKDACZjfZEhej2/i6uE4k4sjU2VAM6gjauiIPA==
  dependencies:
    "@stablelib/ed25519" "^1.0.2"
    multiformats "^9.5.2"
    uint8arrays "^3.0.0"
    varint "^6.0.0"

lodash.clonedeep@^4.5.0:
  version "4.5.0"
  resolved "https://registry.yarnpkg.com/lodash.clonedeep/-/lodash.clonedeep-4.5.0.tgz#e23f3f9c4f8fbdde872529c1071857a086e5ccef"
  integrity sha512-H5ZhCF25riFd9uB5UCkVKo61m3S/xZk1x4wA6yp/L3RFP6Z/eHH1ymQcGLo7J3GMPfm0V/7m1tryHuGVxpqEBQ==

lodash.merge@4.6.2:
  version "4.6.2"
  resolved "https://registry.yarnpkg.com/lodash.merge/-/lodash.merge-4.6.2.tgz#558aa53b43b661e1925a0afdfa36a9a1085fe57a"
  integrity sha512-0KpjqXRVvrYyCsX1swR/XTK0va6VQkQM6MNo7PqW77ByjAhoARA8EfrP1N4+KlKj8YS0ZUCtRT/YUuhyYDujIQ==

logfmt@^1.3.2:
  version "1.3.2"
  resolved "https://registry.yarnpkg.com/logfmt/-/logfmt-1.3.2.tgz#be34020b7390b8201212a12f533e3cb4c92d70c2"
  integrity sha512-U0lelcaGWEfEITZQXs8y5HrJp2xa0BJ+KDfkkLJRmuKbQIEVGNv145FbaNekY4ZYHJSBBx8NLJitaPtRqLEkxQ==
  dependencies:
    split "0.2.x"
    through "2.3.x"

minimalistic-assert@^1.0.0, minimalistic-assert@^1.0.1:
  version "1.0.1"
  resolved "https://registry.yarnpkg.com/minimalistic-assert/-/minimalistic-assert-1.0.1.tgz#2e194de044626d4a10e7f7fbc00ce73e83e4d5c7"
  integrity sha512-UtJcAD4yEaGtjPezWuO9wC4nwUnVH/8/Im3yEHQP4b67cXlD/Qr9hdITCU1xDbSEXg2XKNaP8jsReV7vQd00/A==

minimalistic-crypto-utils@^1.0.1:
  version "1.0.1"
  resolved "https://registry.yarnpkg.com/minimalistic-crypto-utils/-/minimalistic-crypto-utils-1.0.1.tgz#f6c00c1c0b082246e5c4d99dfb8c7c083b2b582a"
  integrity sha512-JIYlbt6g8i5jKfJ3xz7rF0LXmv2TkDxBLUkiBeZ7bAx4GnnNMr8xFpGnOxn6GhTEHx3SjRrZEoU+j04prX1ktg==

multibase@^4.0.1:
  version "4.0.6"
  resolved "https://registry.yarnpkg.com/multibase/-/multibase-4.0.6.tgz#6e624341483d6123ca1ede956208cb821b440559"
  integrity sha512-x23pDe5+svdLz/k5JPGCVdfn7Q5mZVMBETiC+ORfO+sor9Sgs0smJzAjfTbM5tckeCqnaUuMYoz+k3RXMmJClQ==
  dependencies:
    "@multiformats/base-x" "^4.0.1"

multiformats@^9.4.10, multiformats@^9.4.2, multiformats@^9.5.1, multiformats@^9.5.2, multiformats@^9.5.4, multiformats@^9.5.8, multiformats@^9.6.5:
  version "9.7.1"
  resolved "https://registry.yarnpkg.com/multiformats/-/multiformats-9.7.1.tgz#ab348e5fd6f8e7fb3fd56033211bda48854e2173"
  integrity sha512-TaVmGEBt0fhxiNJMGphBfB+oGvUxFs8KgGvgl8d3C+GWtrFcvXdJ2196eg+dYhmSFClmgFfSfJEklo+SZzdNuw==

multihashes@^4.0.3:
  version "4.0.3"
  resolved "https://registry.yarnpkg.com/multihashes/-/multihashes-4.0.3.tgz#426610539cd2551edbf533adeac4c06b3b90fb05"
  integrity sha512-0AhMH7Iu95XjDLxIeuCOOE4t9+vQZsACyKZ9Fxw2pcsRmlX4iCn1mby0hS0bb+nQOVpdQYWPpnyusw4da5RPhA==
  dependencies:
    multibase "^4.0.1"
    uint8arrays "^3.0.0"
    varint "^5.0.2"

nanoid@^3.3.1:
  version "3.3.4"
  resolved "https://registry.yarnpkg.com/nanoid/-/nanoid-3.3.4.tgz#730b67e3cd09e2deacf03c027c81c9d9dbc5e8ab"
  integrity sha512-MqBkQh/OHTS2egovRtLk45wEyNXwF+cokD+1YPf9u5VfJiRdAiRwB2froX5Co9Rh20xs4siNPm8naNotSD6RBw==

node-fetch@2.6.7:
  version "2.6.7"
  resolved "https://registry.yarnpkg.com/node-fetch/-/node-fetch-2.6.7.tgz#24de9fba827e3b4ae44dc8b20256a379160052ad"
  integrity sha512-ZjMPFEfVx5j+y2yF35Kzx5sF7kDzxuDj6ziH4FFbOp87zKDZNx8yExJIb05OGF4Nlt9IHFIMBkRl41VdvcNdbQ==
  dependencies:
    whatwg-url "^5.0.0"

query-string@^7.1.0:
  version "7.1.1"
  resolved "https://registry.yarnpkg.com/query-string/-/query-string-7.1.1.tgz#754620669db978625a90f635f12617c271a088e1"
  integrity sha512-MplouLRDHBZSG9z7fpuAAcI7aAYjDLhtsiVZsevsfaHWDS2IDdORKbSd1kWUA+V4zyva/HZoSfpwnYMMQDhb0w==
  dependencies:
    decode-uri-component "^0.2.0"
    filter-obj "^1.1.0"
    split-on-first "^1.0.0"
    strict-uri-encode "^2.0.0"

rpc-utils@^0.6.1, rpc-utils@^0.6.2:
  version "0.6.2"
  resolved "https://registry.yarnpkg.com/rpc-utils/-/rpc-utils-0.6.2.tgz#3cab779f93048eda69ff198c58b1a2c2e35e3fa6"
  integrity sha512-kzk1OflbBckfDBAo8JwsmtQSHzj+6hxRt5G+u8A8ZSmunBw1nhWvRkSq8j1+EvWBqBRLy1aiGLUW5644CZqQtA==
  dependencies:
    nanoid "^3.3.1"

rxjs@^7.5.2:
  version "7.5.6"
  resolved "https://registry.yarnpkg.com/rxjs/-/rxjs-7.5.6.tgz#0446577557862afd6903517ce7cae79ecb9662bc"
  integrity sha512-dnyv2/YsXhnm461G+R/Pe5bWP41Nm6LBXEYWI6eiFP4fiwx6WRI/CD0zbdVAudd9xwLEF2IDcKXLHit0FYjUzw==
  dependencies:
    tslib "^2.1.0"

scrypt-js@3.0.1:
  version "3.0.1"
  resolved "https://registry.yarnpkg.com/scrypt-js/-/scrypt-js-3.0.1.tgz#d314a57c2aef69d1ad98a138a21fe9eafa9ee312"
  integrity sha512-cdwTTnqPu0Hyvf5in5asVdZocVDTNRmR7XEcJuIzMjJeSHybHl7vpB66AzwTaIg6CLSbtjcxc8fqcySfnTkccA==

split-on-first@^1.0.0:
  version "1.1.0"
  resolved "https://registry.yarnpkg.com/split-on-first/-/split-on-first-1.1.0.tgz#f610afeee3b12bce1d0c30425e76398b78249a5f"
  integrity sha512-43ZssAJaMusuKWL8sKUBQXHWOpq8d6CfN/u1p4gUzfJkM05C8rxTmYrkIPTXapZpORA6LkkzcUulJ8FqA7Uudw==

split@0.2.x:
  version "0.2.10"
  resolved "https://registry.yarnpkg.com/split/-/split-0.2.10.tgz#67097c601d697ce1368f418f06cd201cf0521a57"
  integrity sha512-e0pKq+UUH2Xq/sXbYpZBZc3BawsfDZ7dgv+JtRTUPNcvF5CMR4Y9cvJqkMY0MoxWzTHvZuz1beg6pNEKlszPiQ==
  dependencies:
    through "2"

strict-uri-encode@^2.0.0:
  version "2.0.0"
  resolved "https://registry.yarnpkg.com/strict-uri-encode/-/strict-uri-encode-2.0.0.tgz#b9c7330c7042862f6b142dc274bbcc5866ce3546"
  integrity sha512-QwiXZgpRcKkhTj2Scnn++4PKtWsH0kpzZ62L2R6c/LUVYv7hVnZqcg2+sMuT6R7Jusu1vviK/MFsu6kNJfWlEQ==

through@2, through@2.3.x:
  version "2.3.8"
  resolved "https://registry.yarnpkg.com/through/-/through-2.3.8.tgz#0dd4c9ffaabc357960b1b724115d7e0e86a2e1f5"
  integrity sha512-w89qg7PI8wAdvX60bMDP+bFoD5Dvhm9oLheFp5O4a2QF0cSBGsBX4qZmadPMvVqlLJBBci+WqGGOAPvcDeNSVg==

tr46@~0.0.3:
  version "0.0.3"
  resolved "https://registry.yarnpkg.com/tr46/-/tr46-0.0.3.tgz#8184fd347dac9cdc185992f3a6622e14b9d9ab6a"
  integrity sha512-N3WMsuqV66lT30CrXNbEjx4GEwlow3v6rr4mCcv6prnfwhS01rkgyFdjPNBYd9br7LpXV1+Emh01fHnq2Gdgrw==

tslib@^2.1.0:
  version "2.4.0"
  resolved "https://registry.yarnpkg.com/tslib/-/tslib-2.4.0.tgz#7cecaa7f073ce680a05847aa77be941098f36dc3"
  integrity sha512-d6xOpEDfsi2CZVlPQzGeux8XMwLT9hssAsaPYExaQMuYskwb+x1x7J371tWlbBdWHroy99KnVB6qIkUbs5X3UQ==

typescript-memoize@^1.1.0:
  version "1.1.0"
  resolved "https://registry.yarnpkg.com/typescript-memoize/-/typescript-memoize-1.1.0.tgz#4a8f512d06fc995167c703a3592219901db8bc79"
  integrity sha512-LQPKVXK8QrBBkL/zclE6YgSWn0I8ew5m0Lf+XL00IwMhlotqRLlzHV+BRrljVQIc+NohUAuQP7mg4HQwrx5Xbg==

uint8arrays@^3.0.0, uint8arrays@^3.1.0:
  version "3.1.0"
  resolved "https://registry.yarnpkg.com/uint8arrays/-/uint8arrays-3.1.0.tgz#8186b8eafce68f28bd29bd29d683a311778901e2"
  integrity sha512-ei5rfKtoRO8OyOIor2Rz5fhzjThwIHJZ3uyDPnDHTXbP0aMQ1RN/6AI5B5d9dBxJOU+BvOAk7ZQ1xphsX8Lrog==
  dependencies:
    multiformats "^9.4.2"

varint@^5.0.2:
  version "5.0.2"
  resolved "https://registry.yarnpkg.com/varint/-/varint-5.0.2.tgz#5b47f8a947eb668b848e034dcfa87d0ff8a7f7a4"
  integrity sha512-lKxKYG6H03yCZUpAGOPOsMcGxd1RHCu1iKvEHYDPmTyq2HueGhD73ssNBqqQWfvYs04G9iUFRvmAVLW20Jw6ow==

varint@^6.0.0:
  version "6.0.0"
  resolved "https://registry.yarnpkg.com/varint/-/varint-6.0.0.tgz#9881eb0ce8feaea6512439d19ddf84bf551661d0"
  integrity sha512-cXEIW6cfr15lFv563k4GuVuW/fiwjknytD37jIOLSdSWuOI6WnO/oKwmP2FQTU2l01LP8/M5TSAJpzUaGe3uWg==

webidl-conversions@^3.0.0:
  version "3.0.1"
  resolved "https://registry.yarnpkg.com/webidl-conversions/-/webidl-conversions-3.0.1.tgz#24534275e2a7bc6be7bc86611cc16ae0a5654871"
  integrity sha512-2JAn3z8AR6rjK8Sm8orRC0h/bcl/DqL7tRPdGZ4I1CjdF+EaMLmYxBHyXuKL849eucPFhvBoxMsflfOb8kxaeQ==

whatwg-url@^5.0.0:
  version "5.0.0"
  resolved "https://registry.yarnpkg.com/whatwg-url/-/whatwg-url-5.0.0.tgz#966454e8765462e37644d3626f6742ce8b70965d"
  integrity sha512-saE57nupxk6v3HY35+jzBwYa0rKSy0XR8JSxZPwgLr7ys0IBzhGviA1/TUGJLmSVqs8pb9AnvICXEuOHLprYTw==
  dependencies:
    tr46 "~0.0.3"
    webidl-conversions "^3.0.0"
